// !$*UTF8*$!
{
	archiveVersion = 1;
	classes = {
	};
	objectVersion = 56;
	objects = {

/* Begin PBXBuildFile section */
		E7F2B1FA2A39DE390032C81A /* iOS15_New_APIApp.swift in Sources */ = {isa = PBXBuildFile; fileRef = E7F2B1F92A39DE390032C81A /* iOS15_New_APIApp.swift */; };
		E7F2B1FC2A39DE390032C81A /* ContentView.swift in Sources */ = {isa = PBXBuildFile; fileRef = E7F2B1FB2A39DE390032C81A /* ContentView.swift */; };
		E7F2B1FE2A39DE3A0032C81A /* Assets.xcassets in Resources */ = {isa = PBXBuildFile; fileRef = E7F2B1FD2A39DE3A0032C81A /* Assets.xcassets */; };
		E7F2B2012A39DE3A0032C81A /* Preview Assets.xcassets in Resources */ = {isa = PBXBuildFile; fileRef = E7F2B2002A39DE3A0032C81A /* Preview Assets.xcassets */; };
		E7F2B20A2A39DF4E0032C81A /* ListViewRefresh.swift in Sources */ = {isa = PBXBuildFile; fileRef = E7F2B2092A39DF4E0032C81A /* ListViewRefresh.swift */; };
		E7F2B20C2A39DF580032C81A /* AsyncImageView.swift in Sources */ = {isa = PBXBuildFile; fileRef = E7F2B20B2A39DF580032C81A /* AsyncImageView.swift */; };
		E7F2B20E2A39DF600032C81A /* BadgeView.swift in Sources */ = {isa = PBXBuildFile; fileRef = E7F2B20D2A39DF5F0032C81A /* BadgeView.swift */; };
		E7F2B2102A39DF670032C81A /* TextfieldSubmit.swift in Sources */ = {isa = PBXBuildFile; fileRef = E7F2B20F2A39DF670032C81A /* TextfieldSubmit.swift */; };
		E7F2B2122A39DF6F0032C81A /* SafeAreaView.swift in Sources */ = {isa = PBXBuildFile; fileRef = E7F2B2112A39DF6F0032C81A /* SafeAreaView.swift */; };
		E7F2B2142A39DF7A0032C81A /* DismissSheetView.swift in Sources */ = {isa = PBXBuildFile; fileRef = E7F2B2132A39DF7A0032C81A /* DismissSheetView.swift */; };
		E7F2B2162A39DF830032C81A /* SwipeActionView.swift in Sources */ = {isa = PBXBuildFile; fileRef = E7F2B2152A39DF830032C81A /* SwipeActionView.swift */; };
		E7F2B2182A39DF920032C81A /* AppStorageView.swift in Sources */ = {isa = PBXBuildFile; fileRef = E7F2B2172A39DF920032C81A /* AppStorageView.swift */; };
		E7F2B21A2A39DF9C0032C81A /* CanvasView.swift in Sources */ = {isa = PBXBuildFile; fileRef = E7F2B2192A39DF9C0032C81A /* CanvasView.swift */; };
/* End PBXBuildFile section */

/* Begin PBXFileReference section */
		E7F2B1F62A39DE390032C81A /* iOS15_New_API.app */ = {isa = PBXFileReference; explicitFileType = wrapper.application; includeInIndex = 0; path = iOS15_New_API.app; sourceTree = BUILT_PRODUCTS_DIR; };
		E7F2B1F92A39DE390032C81A /* iOS15_New_APIApp.swift */ = {isa = PBXFileReference; lastKnownFileType = sourcecode.swift; path = iOS15_New_APIApp.swift; sourceTree = "<group>"; };
		E7F2B1FB2A39DE390032C81A /* ContentView.swift */ = {isa = PBXFileReference; lastKnownFileType = sourcecode.swift; path = ContentView.swift; sourceTree = "<group>"; };
		E7F2B1FD2A39DE3A0032C81A /* Assets.xcassets */ = {isa = PBXFileReference; lastKnownFileType = folder.assetcatalog; path = Assets.xcassets; sourceTree = "<group>"; };
		E7F2B2002A39DE3A0032C81A /* Preview Assets.xcassets */ = {isa = PBXFileReference; lastKnownFileType = folder.assetcatalog; path = "Preview Assets.xcassets"; sourceTree = "<group>"; };
		E7F2B2092A39DF4E0032C81A /* ListViewRefresh.swift */ = {isa = PBXFileReference; lastKnownFileType = sourcecode.swift; path = ListViewRefresh.swift; sourceTree = "<group>"; };
		E7F2B20B2A39DF580032C81A /* AsyncImageView.swift */ = {isa = PBXFileReference; lastKnownFileType = sourcecode.swift; path = AsyncImageView.swift; sourceTree = "<group>"; };
		E7F2B20D2A39DF5F0032C81A /* BadgeView.swift */ = {isa = PBXFileReference; lastKnownFileType = sourcecode.swift; path = BadgeView.swift; sourceTree = "<group>"; };
		E7F2B20F2A39DF670032C81A /* TextfieldSubmit.swift */ = {isa = PBXFileReference; lastKnownFileType = sourcecode.swift; path = TextfieldSubmit.swift; sourceTree = "<group>"; };
		E7F2B2112A39DF6F0032C81A /* SafeAreaView.swift */ = {isa = PBXFileReference; lastKnownFileType = sourcecode.swift; path = SafeAreaView.swift; sourceTree = "<group>"; };
		E7F2B2132A39DF7A0032C81A /* DismissSheetView.swift */ = {isa = PBXFileReference; lastKnownFileType = sourcecode.swift; path = DismissSheetView.swift; sourceTree = "<group>"; };
		E7F2B2152A39DF830032C81A /* SwipeActionView.swift */ = {isa = PBXFileReference; lastKnownFileType = sourcecode.swift; path = SwipeActionView.swift; sourceTree = "<group>"; };
		E7F2B2172A39DF920032C81A /* AppStorageView.swift */ = {isa = PBXFileReference; lastKnownFileType = sourcecode.swift; path = AppStorageView.swift; sourceTree = "<group>"; };
		E7F2B2192A39DF9C0032C81A /* CanvasView.swift */ = {isa = PBXFileReference; lastKnownFileType = sourcecode.swift; path = CanvasView.swift; sourceTree = "<group>"; };
/* End PBXFileReference section */

/* Begin PBXFrameworksBuildPhase section */
		E7F2B1F32A39DE390032C81A /* Frameworks */ = {
			isa = PBXFrameworksBuildPhase;
			buildActionMask = 2147483647;
			files = (
			);
			runOnlyForDeploymentPostprocessing = 0;
		};
/* End PBXFrameworksBuildPhase section */

/* Begin PBXGroup section */
		E7F2B1ED2A39DE390032C81A = {
			isa = PBXGroup;
			children = (
				E7F2B1F82A39DE390032C81A /* iOS15_New_API */,
				E7F2B1F72A39DE390032C81A /* Products */,
			);
			sourceTree = "<group>";
		};
		E7F2B1F72A39DE390032C81A /* Products */ = {
			isa = PBXGroup;
			children = (
				E7F2B1F62A39DE390032C81A /* iOS15_New_API.app */,
			);
			name = Products;
			sourceTree = "<group>";
		};
		E7F2B1F82A39DE390032C81A /* iOS15_New_API */ = {
			isa = PBXGroup;
			children = (
				E7F2B1F92A39DE390032C81A /* iOS15_New_APIApp.swift */,
				E7F2B1FB2A39DE390032C81A /* ContentView.swift */,
				E7F2B2192A39DF9C0032C81A /* CanvasView.swift */,
				E7F2B2172A39DF920032C81A /* AppStorageView.swift */,
				E7F2B2152A39DF830032C81A /* SwipeActionView.swift */,
				E7F2B2132A39DF7A0032C81A /* DismissSheetView.swift */,
				E7F2B2092A39DF4E0032C81A /* ListViewRefresh.swift */,
				E7F2B20B2A39DF580032C81A /* AsyncImageView.swift */,
				E7F2B20D2A39DF5F0032C81A /* BadgeView.swift */,
				E7F2B2112A39DF6F0032C81A /* SafeAreaView.swift */,
				E7F2B20F2A39DF670032C81A /* TextfieldSubmit.swift */,
				E7F2B1FD2A39DE3A0032C81A /* Assets.xcassets */,
				E7F2B1FF2A39DE3A0032C81A /* Preview Content */,
			);
			path = iOS15_New_API;
			sourceTree = "<group>";
		};
		E7F2B1FF2A39DE3A0032C81A /* Preview Content */ = {
			isa = PBXGroup;
			children = (
				E7F2B2002A39DE3A0032C81A /* Preview Assets.xcassets */,
			);
			path = "Preview Content";
			sourceTree = "<group>";
		};
/* End PBXGroup section */

/* Begin PBXNativeTarget section */
		E7F2B1F52A39DE390032C81A /* iOS15_New_API */ = {
			isa = PBXNativeTarget;
			buildConfigurationList = E7F2B2042A39DE3A0032C81A /* Build configuration list for PBXNativeTarget "iOS15_New_API" */;
			buildPhases = (
				E7F2B1F22A39DE390032C81A /* Sources */,
				E7F2B1F32A39DE390032C81A /* Frameworks */,
				E7F2B1F42A39DE390032C81A /* Resources */,
			);
			buildRules = (
			);
			dependencies = (
			);
			name = iOS15_New_API;
			productName = iOS15_New_API;
			productReference = E7F2B1F62A39DE390032C81A /* iOS15_New_API.app */;
			productType = "com.apple.product-type.application";
		};
/* End PBXNativeTarget section */

/* Begin PBXProject section */
		E7F2B1EE2A39DE390032C81A /* Project object */ = {
			isa = PBXProject;
			attributes = {
				BuildIndependentTargetsInParallel = 1;
				LastSwiftUpdateCheck = 1420;
				LastUpgradeCheck = 1420;
				TargetAttributes = {
					E7F2B1F52A39DE390032C81A = {
						CreatedOnToolsVersion = 14.2;
					};
				};
			};
			buildConfigurationList = E7F2B1F12A39DE390032C81A /* Build configuration list for PBXProject "iOS15_New_API" */;
			compatibilityVersion = "Xcode 14.0";
			developmentRegion = en;
			hasScannedForEncodings = 0;
			knownRegions = (
				en,
				Base,
			);
			mainGroup = E7F2B1ED2A39DE390032C81A;
			productRefGroup = E7F2B1F72A39DE390032C81A /* Products */;
			projectDirPath = "";
			projectRoot = "";
			targets = (
				E7F2B1F52A39DE390032C81A /* iOS15_New_API */,
			);
		};
/* End PBXProject section */

/* Begin PBXResourcesBuildPhase section */
		E7F2B1F42A39DE390032C81A /* Resources */ = {
			isa = PBXResourcesBuildPhase;
			buildActionMask = 2147483647;
			files = (
				E7F2B2012A39DE3A0032C81A /* Preview Assets.xcassets in Resources */,
				E7F2B1FE2A39DE3A0032C81A /* Assets.xcassets in Resources */,
			);
			runOnlyForDeploymentPostprocessing = 0;
		};
/* End PBXResourcesBuildPhase section */

/* Begin PBXSourcesBuildPhase section */
		E7F2B1F22A39DE390032C81A /* Sources */ = {
			isa = PBXSourcesBuildPhase;
			buildActionMask = 2147483647;
			files = (
				E7F2B2182A39DF920032C81A /* AppStorageView.swift in Sources */,
				E7F2B20A2A39DF4E0032C81A /* ListViewRefresh.swift in Sources */,
				E7F2B2142A39DF7A0032C81A /* DismissSheetView.swift in Sources */,
				E7F2B2162A39DF830032C81A /* SwipeActionView.swift in Sources */,
				E7F2B20E2A39DF600032C81A /* BadgeView.swift in Sources */,
				E7F2B1FC2A39DE390032C81A /* ContentView.swift in Sources */,
				E7F2B1FA2A39DE390032C81A /* iOS15_New_APIApp.swift in Sources */,
				E7F2B20C2A39DF580032C81A /* AsyncImageView.swift in Sources */,
				E7F2B21A2A39DF9C0032C81A /* CanvasView.swift in Sources */,
				E7F2B2122A39DF6F0032C81A /* SafeAreaView.swift in Sources */,
				E7F2B2102A39DF670032C81A /* TextfieldSubmit.swift in Sources */,
			);
			runOnlyForDeploymentPostprocessing = 0;
		};
/* End PBXSourcesBuildPhase section */

/* Begin XCBuildConfiguration section */
		E7F2B2022A39DE3A0032C81A /* Debug */ = {
			isa = XCBuildConfiguration;
			buildSettings = {
				ALWAYS_SEARCH_USER_PATHS = NO;
				CLANG_ANALYZER_NONNULL = YES;
				CLANG_ANALYZER_NUMBER_OBJECT_CONVERSION = YES_AGGRESSIVE;
				CLANG_CXX_LANGUAGE_STANDARD = "gnu++20";
				CLANG_ENABLE_MODULES = YES;
				CLANG_ENABLE_OBJC_ARC = YES;
				CLANG_ENABLE_OBJC_WEAK = YES;
				CLANG_WARN_BLOCK_CAPTURE_AUTORELEASING = YES;
				CLANG_WARN_BOOL_CONVERSION = YES;
				CLANG_WARN_COMMA = YES;
				CLANG_WARN_CONSTANT_CONVERSION = YES;
				CLANG_WARN_DEPRECATED_OBJC_IMPLEMENTATIONS = YES;
				CLANG_WARN_DIRECT_OBJC_ISA_USAGE = YES_ERROR;
				CLANG_WARN_DOCUMENTATION_COMMENTS = YES;
				CLANG_WARN_EMPTY_BODY = YES;
				CLANG_WARN_ENUM_CONVERSION = YES;
				CLANG_WARN_INFINITE_RECURSION = YES;
				CLANG_WARN_INT_CONVERSION = YES;
				CLANG_WARN_NON_LITERAL_NULL_CONVERSION = YES;
				CLANG_WARN_OBJC_IMPLICIT_RETAIN_SELF = YES;
				CLANG_WARN_OBJC_LITERAL_CONVERSION = YES;
				CLANG_WARN_OBJC_ROOT_CLASS = YES_ERROR;
				CLANG_WARN_QUOTED_INCLUDE_IN_FRAMEWORK_HEADER = YES;
				CLANG_WARN_RANGE_LOOP_ANALYSIS = YES;
				CLANG_WARN_STRICT_PROTOTYPES = YES;
				CLANG_WARN_SUSPICIOUS_MOVE = YES;
				CLANG_WARN_UNGUARDED_AVAILABILITY = YES_AGGRESSIVE;
				CLANG_WARN_UNREACHABLE_CODE = YES;
				CLANG_WARN__DUPLICATE_METHOD_MATCH = YES;
				COPY_PHASE_STRIP = NO;
				DEBUG_INFORMATION_FORMAT = dwarf;
				ENABLE_STRICT_OBJC_MSGSEND = YES;
				ENABLE_TESTABILITY = YES;
				GCC_C_LANGUAGE_STANDARD = gnu11;
				GCC_DYNAMIC_NO_PIC = NO;
				GCC_NO_COMMON_BLOCKS = YES;
				GCC_OPTIMIZATION_LEVEL = 0;
				GCC_PREPROCESSOR_DEFINITIONS = (
					"DEBUG=1",
					"$(inherited)",
				);
				GCC_WARN_64_TO_32_BIT_CONVERSION = YES;
				GCC_WARN_ABOUT_RETURN_TYPE = YES_ERROR;
				GCC_WARN_UNDECLARED_SELECTOR = YES;
				GCC_WARN_UNINITIALIZED_AUTOS = YES_AGGRESSIVE;
				GCC_WARN_UNUSED_FUNCTION = YES;
				GCC_WARN_UNUSED_VARIABLE = YES;
				IPHONEOS_DEPLOYMENT_TARGET = 16.2;
				MTL_ENABLE_DEBUG_INFO = INCLUDE_SOURCE;
				MTL_FAST_MATH = YES;
				ONLY_ACTIVE_ARCH = YES;
				SDKROOT = iphoneos;
				SWIFT_ACTIVE_COMPILATION_CONDITIONS = DEBUG;
				SWIFT_OPTIMIZATION_LEVEL = "-Onone";
			};
			name = Debug;
		};
		E7F2B2032A39DE3A0032C81A /* Release */ = {
			isa = XCBuildConfiguration;
			buildSettings = {
				ALWAYS_SEARCH_USER_PATHS = NO;
				CLANG_ANALYZER_NONNULL = YES;
				CLANG_ANALYZER_NUMBER_OBJECT_CONVERSION = YES_AGGRESSIVE;
				CLANG_CXX_LANGUAGE_STANDARD = "gnu++20";
				CLANG_ENABLE_MODULES = YES;
				CLANG_ENABLE_OBJC_ARC = YES;
				CLANG_ENABLE_OBJC_WEAK = YES;
				CLANG_WARN_BLOCK_CAPTURE_AUTORELEASING = YES;
				CLANG_WARN_BOOL_CONVERSION = YES;
				CLANG_WARN_COMMA = YES;
				CLANG_WARN_CONSTANT_CONVERSION = YES;
				CLANG_WARN_DEPRECATED_OBJC_IMPLEMENTATIONS = YES;
				CLANG_WARN_DIRECT_OBJC_ISA_USAGE = YES_ERROR;
				CLANG_WARN_DOCUMENTATION_COMMENTS = YES;
				CLANG_WARN_EMPTY_BODY = YES;
				CLANG_WARN_ENUM_CONVERSION = YES;
				CLANG_WARN_INFINITE_RECURSION = YES;
				CLANG_WARN_INT_CONVERSION = YES;
				CLANG_WARN_NON_LITERAL_NULL_CONVERSION = YES;
				CLANG_WARN_OBJC_IMPLICIT_RETAIN_SELF = YES;
				CLANG_WARN_OBJC_LITERAL_CONVERSION = YES;
				CLANG_WARN_OBJC_ROOT_CLASS = YES_ERROR;
				CLANG_WARN_QUOTED_INCLUDE_IN_FRAMEWORK_HEADER = YES;
				CLANG_WARN_RANGE_LOOP_ANALYSIS = YES;
				CLANG_WARN_STRICT_PROTOTYPES = YES;
				CLANG_WARN_SUSPICIOUS_MOVE = YES;
				CLANG_WARN_UNGUARDED_AVAILABILITY = YES_AGGRESSIVE;
				CLANG_WARN_UNREACHABLE_CODE = YES;
				CLANG_WARN__DUPLICATE_METHOD_MATCH = YES;
				COPY_PHASE_STRIP = NO;
				DEBUG_INFORMATION_FORMAT = "dwarf-with-dsym";
				ENABLE_NS_ASSERTIONS = NO;
				ENABLE_STRICT_OBJC_MSGSEND = YES;
				GCC_C_LANGUAGE_STANDARD = gnu11;
				GCC_NO_COMMON_BLOCKS = YES;
				GCC_WARN_64_TO_32_BIT_CONVERSION = YES;
				GCC_WARN_ABOUT_RETURN_TYPE = YES_ERROR;
				GCC_WARN_UNDECLARED_SELECTOR = YES;
				GCC_WARN_UNINITIALIZED_AUTOS = YES_AGGRESSIVE;
				GCC_WARN_UNUSED_FUNCTION = YES;
				GCC_WARN_UNUSED_VARIABLE = YES;
				IPHONEOS_DEPLOYMENT_TARGET = 16.2;
				MTL_ENABLE_DEBUG_INFO = NO;
				MTL_FAST_MATH = YES;
				SDKROOT = iphoneos;
				SWIFT_COMPILATION_MODE = wholemodule;
				SWIFT_OPTIMIZATION_LEVEL = "-O";
				VALIDATE_PRODUCT = YES;
			};
			name = Release;
		};
		E7F2B2052A39DE3A0032C81A /* Debug */ = {
			isa = XCBuildConfiguration;
			buildSettings = {
				ASSETCATALOG_COMPILER_APPICON_NAME = AppIcon;
				ASSETCATALOG_COMPILER_GLOBAL_ACCENT_COLOR_NAME = AccentColor;
				CODE_SIGN_STYLE = Automatic;
				CURRENT_PROJECT_VERSION = 1;
				DEVELOPMENT_ASSET_PATHS = "\"iOS15_New_API/Preview Content\"";
				DEVELOPMENT_TEAM = NN56R38BZT;
				ENABLE_PREVIEWS = YES;
				GENERATE_INFOPLIST_FILE = YES;
				INFOPLIST_KEY_UIApplicationSceneManifest_Generation = YES;
				INFOPLIST_KEY_UIApplicationSupportsIndirectInputEvents = YES;
				INFOPLIST_KEY_UILaunchScreen_Generation = YES;
				INFOPLIST_KEY_UISupportedInterfaceOrientations_iPad = "UIInterfaceOrientationPortrait UIInterfaceOrientationPortraitUpsideDown UIInterfaceOrientationLandscapeLeft UIInterfaceOrientationLandscapeRight";
				INFOPLIST_KEY_UISupportedInterfaceOrientations_iPhone = "UIInterfaceOrientationPortrait UIInterfaceOrientationLandscapeLeft UIInterfaceOrientationLandscapeRight";
				IPHONEOS_DEPLOYMENT_TARGET = 15.0;
				LD_RUNPATH_SEARCH_PATHS = (
					"$(inherited)",
					"@executable_path/Frameworks",
				);
				MARKETING_VERSION = 1.0;
				PRODUCT_BUNDLE_IDENTIFIER = "com.lurich.iOS15-New-API";
				PRODUCT_NAME = "$(TARGET_NAME)";
				SWIFT_EMIT_LOC_STRINGS = YES;
				SWIFT_VERSION = 5.0;
				TARGETED_DEVICE_FAMILY = "1,2";
			};
			name = Debug;
		};
		E7F2B2062A39DE3A0032C81A /* Release */ = {
			isa = XCBuildConfiguration;
			buildSettings = {
				ASSETCATALOG_COMPILER_APPICON_NAME = AppIcon;
				ASSETCATALOG_COMPILER_GLOBAL_ACCENT_COLOR_NAME = AccentColor;
				CODE_SIGN_STYLE = Automatic;
				CURRENT_PROJECT_VERSION = 1;
				DEVELOPMENT_ASSET_PATHS = "\"iOS15_New_API/Preview Content\"";
				DEVELOPMENT_TEAM = NN56R38BZT;
				ENABLE_PREVIEWS = YES;
				GENERATE_INFOPLIST_FILE = YES;
				INFOPLIST_KEY_UIApplicationSceneManifest_Generation = YES;
				INFOPLIST_KEY_UIApplicationSupportsIndirectInputEvents = YES;
				INFOPLIST_KEY_UILaunchScreen_Generation = YES;
				INFOPLIST_KEY_UISupportedInterfaceOrientations_iPad = "UIInterfaceOrientationPortrait UIInterfaceOrientationPortraitUpsideDown UIInterfaceOrientationLandscapeLeft UIInterfaceOrientationLandscapeRight";
				INFOPLIST_KEY_UISupportedInterfaceOrientations_iPhone = "UIInterfaceOrientationPortrait UIInterfaceOrientationLandscapeLeft UIInterfaceOrientationLandscapeRight";
				IPHONEOS_DEPLOYMENT_TARGET = 15.0;
				LD_RUNPATH_SEARCH_PATHS = (
					"$(inherited)",
					"@executable_path/Frameworks",
				);
				MARKETING_VERSION = 1.0;
				PRODUCT_BUNDLE_IDENTIFIER = "com.lurich.iOS15-New-API";
				PRODUCT_NAME = "$(TARGET_NAME)";
				SWIFT_EMIT_LOC_STRINGS = YES;
				SWIFT_VERSION = 5.0;
				TARGETED_DEVICE_FAMILY = "1,2";
			};
			name = Release;
		};
/* End XCBuildConfiguration section */

/* Begin XCConfigurationList section */
		E7F2B1F12A39DE390032C81A /* Build configuration list for PBXProject "iOS15_New_API" */ = {
			isa = XCConfigurationList;
			buildConfigurations = (
				E7F2B2022A39DE3A0032C81A /* Debug */,
				E7F2B2032A39DE3A0032C81A /* Release */,
			);
			defaultConfigurationIsVisible = 0;
			defaultConfigurationName = Release;
		};
		E7F2B2042A39DE3A0032C81A /* Build configuration list for PBXNativeTarget "iOS15_New_API" */ = {
			isa = XCConfigurationList;
			buildConfigurations = (
				E7F2B2052A39DE3A0032C81A /* Debug */,
				E7F2B2062A39DE3A0032C81A /* Release */,
			);
			defaultConfigurationIsVisible = 0;
			defaultConfigurationName = Release;
		};
/* End XCConfigurationList section */
	};
	rootObject = E7F2B1EE2A39DE390032C81A /* Project object */;
}
