// !$*UTF8*$!
{
	archiveVersion = 1;
	classes = {
	};
	objectVersion = 60;
	objects = {

/* Begin PBXBuildFile section */
		E75090502C19D405004C76A1 /* iOS18_New_APIApp.swift in Sources */ = {isa = PBXBuildFile; fileRef = E750904F2C19D405004C76A1 /* iOS18_New_APIApp.swift */; };
		E75090522C19D405004C76A1 /* ContentView.swift in Sources */ = {isa = PBXBuildFile; fileRef = E75090512C19D405004C76A1 /* ContentView.swift */; };
		E75090542C19D407004C76A1 /* Assets.xcassets in Resources */ = {isa = PBXBuildFile; fileRef = E75090532C19D407004C76A1 /* Assets.xcassets */; };
		E75090572C19D407004C76A1 /* Preview Assets.xcassets in Resources */ = {isa = PBXBuildFile; fileRef = E75090562C19D407004C76A1 /* Preview Assets.xcassets */; };
		E750905E2C19D599004C76A1 /* ZoomTransitionsDemo.swift in Sources */ = {isa = PBXBuildFile; fileRef = E750905D2C19D599004C76A1 /* ZoomTransitionsDemo.swift */; };
		E75090602C19DD48004C76A1 /* CustomContainerViews.swift in Sources */ = {isa = PBXBuildFile; fileRef = E750905F2C19DD48004C76A1 /* CustomContainerViews.swift */; };
		E75090622C19E0F7004C76A1 /* UIKitGestureRepresentable.swift in Sources */ = {isa = PBXBuildFile; fileRef = E75090612C19E0F7004C76A1 /* UIKitGestureRepresentable.swift */; };
		E75090642C19E4C1004C76A1 /* ScrollGeometryChange.swift in Sources */ = {isa = PBXBuildFile; fileRef = E75090632C19E4C1004C76A1 /* ScrollGeometryChange.swift */; };
		E75090662C19E9D9004C76A1 /* ScrollPhaseChange.swift in Sources */ = {isa = PBXBuildFile; fileRef = E75090652C19E9D9004C76A1 /* ScrollPhaseChange.swift */; };
		E75090682C19ECB5004C76A1 /* ScrollVisibilityChange.swift in Sources */ = {isa = PBXBuildFile; fileRef = E75090672C19ECB5004C76A1 /* ScrollVisibilityChange.swift */; };
		E750906A2C19EE36004C76A1 /* ContainerKeyValues.swift in Sources */ = {isa = PBXBuildFile; fileRef = E75090692C19EE36004C76A1 /* ContainerKeyValues.swift */; };
		E750906C2C19F0B3004C76A1 /* ScrollPositionDemo.swift in Sources */ = {isa = PBXBuildFile; fileRef = E750906B2C19F0B3004C76A1 /* ScrollPositionDemo.swift */; };
		E750906E2C19F225004C76A1 /* NewSymbolEffects.swift in Sources */ = {isa = PBXBuildFile; fileRef = E750906D2C19F225004C76A1 /* NewSymbolEffects.swift */; };
		E75D70272C207B8800BC0A93 /* MeshGradientDemo.swift in Sources */ = {isa = PBXBuildFile; fileRef = E75D70262C207B8800BC0A93 /* MeshGradientDemo.swift */; };
		E75D70292C20895E00BC0A93 /* FloatingTabBar.swift in Sources */ = {isa = PBXBuildFile; fileRef = E75D70282C20895E00BC0A93 /* FloatingTabBar.swift */; };
		E75D702D2C2AF72400BC0A93 /* TextSelectionAPI.swift in Sources */ = {isa = PBXBuildFile; fileRef = E75D702C2C2AF72400BC0A93 /* TextSelectionAPI.swift */; };
		E75D70AE2C3C27E800BC0A93 /* MoreTabBarHidden.swift in Sources */ = {isa = PBXBuildFile; fileRef = E75D70AD2C3C27E800BC0A93 /* MoreTabBarHidden.swift */; };
		E772CB0A2D1323C40024EDEE /* View+Extensions.swift in Sources */ = {isa = PBXBuildFile; fileRef = E772CB092D1323C40024EDEE /* View+Extensions.swift */; };
		E772CB482D2D65640024EDEE /* DownsizedImageDemo.swift in Sources */ = {isa = PBXBuildFile; fileRef = E772CB472D2D65640024EDEE /* DownsizedImageDemo.swift */; };
		E7A5DDD72D8503F400558BE4 /* TranslationDemo.swift in Sources */ = {isa = PBXBuildFile; fileRef = E7A5DDD62D8503F400558BE4 /* TranslationDemo.swift */; };
		E7A5DDD92D8506CE00558BE4 /* PencilKitDemo.swift in Sources */ = {isa = PBXBuildFile; fileRef = E7A5DDD82D8506CE00558BE4 /* PencilKitDemo.swift */; };
		E7AAF8CD2C9B184B007339FC /* PhaseAnimatorDemo.swift in Sources */ = {isa = PBXBuildFile; fileRef = E7AAF8CC2C9B184B007339FC /* PhaseAnimatorDemo.swift */; };
		E7AAF8CF2C9B1C58007339FC /* TransitionDemo.swift in Sources */ = {isa = PBXBuildFile; fileRef = E7AAF8CE2C9B1C58007339FC /* TransitionDemo.swift */; };
		E7AAF8D12C9B1FA3007339FC /* KeyframeAnimatorDemo.swift in Sources */ = {isa = PBXBuildFile; fileRef = E7AAF8D02C9B1FA3007339FC /* KeyframeAnimatorDemo.swift */; };
		E7BB5CF22CEB9A8F00FE168C /* GestureIssue.swift in Sources */ = {isa = PBXBuildFile; fileRef = E7BB5CF12CEB9A8F00FE168C /* GestureIssue.swift */; };
/* End PBXBuildFile section */

/* Begin PBXFileReference section */
		E750904C2C19D405004C76A1 /* iOS18_New_API.app */ = {isa = PBXFileReference; explicitFileType = wrapper.application; includeInIndex = 0; path = iOS18_New_API.app; sourceTree = BUILT_PRODUCTS_DIR; };
		E750904F2C19D405004C76A1 /* iOS18_New_APIApp.swift */ = {isa = PBXFileReference; lastKnownFileType = sourcecode.swift; path = iOS18_New_APIApp.swift; sourceTree = "<group>"; };
		E75090512C19D405004C76A1 /* ContentView.swift */ = {isa = PBXFileReference; lastKnownFileType = sourcecode.swift; path = ContentView.swift; sourceTree = "<group>"; };
		E75090532C19D407004C76A1 /* Assets.xcassets */ = {isa = PBXFileReference; lastKnownFileType = folder.assetcatalog; path = Assets.xcassets; sourceTree = "<group>"; };
		E75090562C19D407004C76A1 /* Preview Assets.xcassets */ = {isa = PBXFileReference; lastKnownFileType = folder.assetcatalog; path = "Preview Assets.xcassets"; sourceTree = "<group>"; };
		E750905D2C19D599004C76A1 /* ZoomTransitionsDemo.swift */ = {isa = PBXFileReference; lastKnownFileType = sourcecode.swift; path = ZoomTransitionsDemo.swift; sourceTree = "<group>"; };
		E750905F2C19DD48004C76A1 /* CustomContainerViews.swift */ = {isa = PBXFileReference; lastKnownFileType = sourcecode.swift; path = CustomContainerViews.swift; sourceTree = "<group>"; };
		E75090612C19E0F7004C76A1 /* UIKitGestureRepresentable.swift */ = {isa = PBXFileReference; lastKnownFileType = sourcecode.swift; path = UIKitGestureRepresentable.swift; sourceTree = "<group>"; };
		E75090632C19E4C1004C76A1 /* ScrollGeometryChange.swift */ = {isa = PBXFileReference; lastKnownFileType = sourcecode.swift; path = ScrollGeometryChange.swift; sourceTree = "<group>"; };
		E75090652C19E9D9004C76A1 /* ScrollPhaseChange.swift */ = {isa = PBXFileReference; lastKnownFileType = sourcecode.swift; path = ScrollPhaseChange.swift; sourceTree = "<group>"; };
		E75090672C19ECB5004C76A1 /* ScrollVisibilityChange.swift */ = {isa = PBXFileReference; lastKnownFileType = sourcecode.swift; path = ScrollVisibilityChange.swift; sourceTree = "<group>"; };
		E75090692C19EE36004C76A1 /* ContainerKeyValues.swift */ = {isa = PBXFileReference; lastKnownFileType = sourcecode.swift; path = ContainerKeyValues.swift; sourceTree = "<group>"; };
		E750906B2C19F0B3004C76A1 /* ScrollPositionDemo.swift */ = {isa = PBXFileReference; lastKnownFileType = sourcecode.swift; path = ScrollPositionDemo.swift; sourceTree = "<group>"; };
		E750906D2C19F225004C76A1 /* NewSymbolEffects.swift */ = {isa = PBXFileReference; lastKnownFileType = sourcecode.swift; path = NewSymbolEffects.swift; sourceTree = "<group>"; };
		E75D70262C207B8800BC0A93 /* MeshGradientDemo.swift */ = {isa = PBXFileReference; lastKnownFileType = sourcecode.swift; path = MeshGradientDemo.swift; sourceTree = "<group>"; };
		E75D70282C20895E00BC0A93 /* FloatingTabBar.swift */ = {isa = PBXFileReference; lastKnownFileType = sourcecode.swift; path = FloatingTabBar.swift; sourceTree = "<group>"; };
		E75D702C2C2AF72400BC0A93 /* TextSelectionAPI.swift */ = {isa = PBXFileReference; lastKnownFileType = sourcecode.swift; path = TextSelectionAPI.swift; sourceTree = "<group>"; };
		E75D70AD2C3C27E800BC0A93 /* MoreTabBarHidden.swift */ = {isa = PBXFileReference; lastKnownFileType = sourcecode.swift; path = MoreTabBarHidden.swift; sourceTree = "<group>"; };
		E772CB092D1323C40024EDEE /* View+Extensions.swift */ = {isa = PBXFileReference; lastKnownFileType = sourcecode.swift; path = "View+Extensions.swift"; sourceTree = "<group>"; };
		E772CB472D2D65640024EDEE /* DownsizedImageDemo.swift */ = {isa = PBXFileReference; lastKnownFileType = sourcecode.swift; path = DownsizedImageDemo.swift; sourceTree = "<group>"; };
		E7A5DDD62D8503F400558BE4 /* TranslationDemo.swift */ = {isa = PBXFileReference; lastKnownFileType = sourcecode.swift; path = TranslationDemo.swift; sourceTree = "<group>"; };
		E7A5DDD82D8506CE00558BE4 /* PencilKitDemo.swift */ = {isa = PBXFileReference; lastKnownFileType = sourcecode.swift; path = PencilKitDemo.swift; sourceTree = "<group>"; };
		E7AAF8CC2C9B184B007339FC /* PhaseAnimatorDemo.swift */ = {isa = PBXFileReference; lastKnownFileType = sourcecode.swift; path = PhaseAnimatorDemo.swift; sourceTree = "<group>"; };
		E7AAF8CE2C9B1C58007339FC /* TransitionDemo.swift */ = {isa = PBXFileReference; lastKnownFileType = sourcecode.swift; path = TransitionDemo.swift; sourceTree = "<group>"; };
		E7AAF8D02C9B1FA3007339FC /* KeyframeAnimatorDemo.swift */ = {isa = PBXFileReference; lastKnownFileType = sourcecode.swift; path = KeyframeAnimatorDemo.swift; sourceTree = "<group>"; };
		E7BB5CF12CEB9A8F00FE168C /* GestureIssue.swift */ = {isa = PBXFileReference; lastKnownFileType = sourcecode.swift; path = GestureIssue.swift; sourceTree = "<group>"; };
/* End PBXFileReference section */

/* Begin PBXFrameworksBuildPhase section */
		E75090492C19D405004C76A1 /* Frameworks */ = {
			isa = PBXFrameworksBuildPhase;
			buildActionMask = 2147483647;
			files = (
			);
			runOnlyForDeploymentPostprocessing = 0;
		};
/* End PBXFrameworksBuildPhase section */

/* Begin PBXGroup section */
		E75090432C19D405004C76A1 = {
			isa = PBXGroup;
			children = (
				E750904E2C19D405004C76A1 /* iOS18_New_API */,
				E750904D2C19D405004C76A1 /* Products */,
			);
			sourceTree = "<group>";
		};
		E750904D2C19D405004C76A1 /* Products */ = {
			isa = PBXGroup;
			children = (
				E750904C2C19D405004C76A1 /* iOS18_New_API.app */,
			);
			name = Products;
			sourceTree = "<group>";
		};
		E750904E2C19D405004C76A1 /* iOS18_New_API */ = {
			isa = PBXGroup;
			children = (
				E750904F2C19D405004C76A1 /* iOS18_New_APIApp.swift */,
				E75090512C19D405004C76A1 /* ContentView.swift */,
				E750905D2C19D599004C76A1 /* ZoomTransitionsDemo.swift */,
				E750905F2C19DD48004C76A1 /* CustomContainerViews.swift */,
				E75090612C19E0F7004C76A1 /* UIKitGestureRepresentable.swift */,
				E75090692C19EE36004C76A1 /* ContainerKeyValues.swift */,
				E75090632C19E4C1004C76A1 /* ScrollGeometryChange.swift */,
				E75090652C19E9D9004C76A1 /* ScrollPhaseChange.swift */,
				E75090672C19ECB5004C76A1 /* ScrollVisibilityChange.swift */,
				E750906B2C19F0B3004C76A1 /* ScrollPositionDemo.swift */,
				E750906D2C19F225004C76A1 /* NewSymbolEffects.swift */,
				E75D70262C207B8800BC0A93 /* MeshGradientDemo.swift */,
				E75D70282C20895E00BC0A93 /* FloatingTabBar.swift */,
				E75D702C2C2AF72400BC0A93 /* TextSelectionAPI.swift */,
				E75D70AD2C3C27E800BC0A93 /* MoreTabBarHidden.swift */,
				E7AAF8CC2C9B184B007339FC /* PhaseAnimatorDemo.swift */,
				E7AAF8CE2C9B1C58007339FC /* TransitionDemo.swift */,
				E7AAF8D02C9B1FA3007339FC /* KeyframeAnimatorDemo.swift */,
				E7BB5CF12CEB9A8F00FE168C /* GestureIssue.swift */,
				E772CB092D1323C40024EDEE /* View+Extensions.swift */,
				E772CB472D2D65640024EDEE /* DownsizedImageDemo.swift */,
				E7A5DDD62D8503F400558BE4 /* TranslationDemo.swift */,
				E7A5DDD82D8506CE00558BE4 /* PencilKitDemo.swift */,
				E75090532C19D407004C76A1 /* Assets.xcassets */,
				E75090552C19D407004C76A1 /* Preview Content */,
			);
			path = iOS18_New_API;
			sourceTree = "<group>";
		};
		E75090552C19D407004C76A1 /* Preview Content */ = {
			isa = PBXGroup;
			children = (
				E75090562C19D407004C76A1 /* Preview Assets.xcassets */,
			);
			path = "Preview Content";
			sourceTree = "<group>";
		};
/* End PBXGroup section */

/* Begin PBXNativeTarget section */
		E750904B2C19D405004C76A1 /* iOS18_New_API */ = {
			isa = PBXNativeTarget;
			buildConfigurationList = E750905A2C19D407004C76A1 /* Build configuration list for PBXNativeTarget "iOS18_New_API" */;
			buildPhases = (
				E75090482C19D405004C76A1 /* Sources */,
				E75090492C19D405004C76A1 /* Frameworks */,
				E750904A2C19D405004C76A1 /* Resources */,
			);
			buildRules = (
			);
			dependencies = (
			);
			name = iOS18_New_API;
			productName = iOS18_New_API;
			productReference = E750904C2C19D405004C76A1 /* iOS18_New_API.app */;
			productType = "com.apple.product-type.application";
		};
/* End PBXNativeTarget section */

/* Begin PBXProject section */
		E75090442C19D405004C76A1 /* Project object */ = {
			isa = PBXProject;
			attributes = {
				BuildIndependentTargetsInParallel = 1;
				LastSwiftUpdateCheck = 1600;
				LastUpgradeCheck = 1600;
				TargetAttributes = {
					E750904B2C19D405004C76A1 = {
						CreatedOnToolsVersion = 16.0;
					};
				};
			};
			buildConfigurationList = E75090472C19D405004C76A1 /* Build configuration list for PBXProject "iOS18_New_API" */;
			compatibilityVersion = "Xcode 15.0";
			developmentRegion = en;
			hasScannedForEncodings = 0;
			knownRegions = (
				en,
				Base,
			);
			mainGroup = E75090432C19D405004C76A1;
			productRefGroup = E750904D2C19D405004C76A1 /* Products */;
			projectDirPath = "";
			projectRoot = "";
			targets = (
				E750904B2C19D405004C76A1 /* iOS18_New_API */,
			);
		};
/* End PBXProject section */

/* Begin PBXResourcesBuildPhase section */
		E750904A2C19D405004C76A1 /* Resources */ = {
			isa = PBXResourcesBuildPhase;
			buildActionMask = 2147483647;
			files = (
				E75090572C19D407004C76A1 /* Preview Assets.xcassets in Resources */,
				E75090542C19D407004C76A1 /* Assets.xcassets in Resources */,
			);
			runOnlyForDeploymentPostprocessing = 0;
		};
/* End PBXResourcesBuildPhase section */

/* Begin PBXSourcesBuildPhase section */
		E75090482C19D405004C76A1 /* Sources */ = {
			isa = PBXSourcesBuildPhase;
			buildActionMask = 2147483647;
			files = (
				E750905E2C19D599004C76A1 /* ZoomTransitionsDemo.swift in Sources */,
				E7AAF8D12C9B1FA3007339FC /* KeyframeAnimatorDemo.swift in Sources */,
				E750906A2C19EE36004C76A1 /* ContainerKeyValues.swift in Sources */,
				E75D702D2C2AF72400BC0A93 /* TextSelectionAPI.swift in Sources */,
				E7AAF8CD2C9B184B007339FC /* PhaseAnimatorDemo.swift in Sources */,
				E750906C2C19F0B3004C76A1 /* ScrollPositionDemo.swift in Sources */,
				E75090602C19DD48004C76A1 /* CustomContainerViews.swift in Sources */,
				E75090622C19E0F7004C76A1 /* UIKitGestureRepresentable.swift in Sources */,
				E750906E2C19F225004C76A1 /* NewSymbolEffects.swift in Sources */,
				E75090662C19E9D9004C76A1 /* ScrollPhaseChange.swift in Sources */,
				E7AAF8CF2C9B1C58007339FC /* TransitionDemo.swift in Sources */,
				E75090682C19ECB5004C76A1 /* ScrollVisibilityChange.swift in Sources */,
				E75D70292C20895E00BC0A93 /* FloatingTabBar.swift in Sources */,
				E7A5DDD92D8506CE00558BE4 /* PencilKitDemo.swift in Sources */,
				E75090522C19D405004C76A1 /* ContentView.swift in Sources */,
				E75D70272C207B8800BC0A93 /* MeshGradientDemo.swift in Sources */,
				E772CB482D2D65640024EDEE /* DownsizedImageDemo.swift in Sources */,
				E7A5DDD72D8503F400558BE4 /* TranslationDemo.swift in Sources */,
				E75D70AE2C3C27E800BC0A93 /* MoreTabBarHidden.swift in Sources */,
				E7BB5CF22CEB9A8F00FE168C /* GestureIssue.swift in Sources */,
				E75090642C19E4C1004C76A1 /* ScrollGeometryChange.swift in Sources */,
				E772CB0A2D1323C40024EDEE /* View+Extensions.swift in Sources */,
				E75090502C19D405004C76A1 /* iOS18_New_APIApp.swift in Sources */,
			);
			runOnlyForDeploymentPostprocessing = 0;
		};
/* End PBXSourcesBuildPhase section */

/* Begin XCBuildConfiguration section */
		E75090582C19D407004C76A1 /* Debug */ = {
			isa = XCBuildConfiguration;
			buildSettings = {
				ALWAYS_SEARCH_USER_PATHS = NO;
				ASSETCATALOG_COMPILER_GENERATE_SWIFT_ASSET_SYMBOL_EXTENSIONS = YES;
				CLANG_ANALYZER_NONNULL = YES;
				CLANG_ANALYZER_NUMBER_OBJECT_CONVERSION = YES_AGGRESSIVE;
				CLANG_CXX_LANGUAGE_STANDARD = "gnu++20";
				CLANG_ENABLE_MODULES = YES;
				CLANG_ENABLE_OBJC_ARC = YES;
				CLANG_ENABLE_OBJC_WEAK = YES;
				CLANG_WARN_BLOCK_CAPTURE_AUTORELEASING = YES;
				CLANG_WARN_BOOL_CONVERSION = YES;
				CLANG_WARN_COMMA = YES;
				CLANG_WARN_CONSTANT_CONVERSION = YES;
				CLANG_WARN_DEPRECATED_OBJC_IMPLEMENTATIONS = YES;
				CLANG_WARN_DIRECT_OBJC_ISA_USAGE = YES_ERROR;
				CLANG_WARN_DOCUMENTATION_COMMENTS = YES;
				CLANG_WARN_EMPTY_BODY = YES;
				CLANG_WARN_ENUM_CONVERSION = YES;
				CLANG_WARN_INFINITE_RECURSION = YES;
				CLANG_WARN_INT_CONVERSION = YES;
				CLANG_WARN_NON_LITERAL_NULL_CONVERSION = YES;
				CLANG_WARN_OBJC_IMPLICIT_RETAIN_SELF = YES;
				CLANG_WARN_OBJC_LITERAL_CONVERSION = YES;
				CLANG_WARN_OBJC_ROOT_CLASS = YES_ERROR;
				CLANG_WARN_QUOTED_INCLUDE_IN_FRAMEWORK_HEADER = YES;
				CLANG_WARN_RANGE_LOOP_ANALYSIS = YES;
				CLANG_WARN_STRICT_PROTOTYPES = YES;
				CLANG_WARN_SUSPICIOUS_MOVE = YES;
				CLANG_WARN_UNGUARDED_AVAILABILITY = YES_AGGRESSIVE;
				CLANG_WARN_UNREACHABLE_CODE = YES;
				CLANG_WARN__DUPLICATE_METHOD_MATCH = YES;
				COPY_PHASE_STRIP = NO;
				DEBUG_INFORMATION_FORMAT = dwarf;
				ENABLE_STRICT_OBJC_MSGSEND = YES;
				ENABLE_TESTABILITY = YES;
				ENABLE_USER_SCRIPT_SANDBOXING = YES;
				GCC_C_LANGUAGE_STANDARD = gnu17;
				GCC_DYNAMIC_NO_PIC = NO;
				GCC_NO_COMMON_BLOCKS = YES;
				GCC_OPTIMIZATION_LEVEL = 0;
				GCC_PREPROCESSOR_DEFINITIONS = (
					"DEBUG=1",
					"$(inherited)",
				);
				GCC_WARN_64_TO_32_BIT_CONVERSION = YES;
				GCC_WARN_ABOUT_RETURN_TYPE = YES_ERROR;
				GCC_WARN_UNDECLARED_SELECTOR = YES;
				GCC_WARN_UNINITIALIZED_AUTOS = YES_AGGRESSIVE;
				GCC_WARN_UNUSED_FUNCTION = YES;
				GCC_WARN_UNUSED_VARIABLE = YES;
				IPHONEOS_DEPLOYMENT_TARGET = 18.0;
				LOCALIZATION_PREFERS_STRING_CATALOGS = YES;
				MTL_ENABLE_DEBUG_INFO = INCLUDE_SOURCE;
				MTL_FAST_MATH = YES;
				ONLY_ACTIVE_ARCH = YES;
				SDKROOT = iphoneos;
				SWIFT_ACTIVE_COMPILATION_CONDITIONS = "DEBUG $(inherited)";
				SWIFT_OPTIMIZATION_LEVEL = "-Onone";
			};
			name = Debug;
		};
		E75090592C19D407004C76A1 /* Release */ = {
			isa = XCBuildConfiguration;
			buildSettings = {
				ALWAYS_SEARCH_USER_PATHS = NO;
				ASSETCATALOG_COMPILER_GENERATE_SWIFT_ASSET_SYMBOL_EXTENSIONS = YES;
				CLANG_ANALYZER_NONNULL = YES;
				CLANG_ANALYZER_NUMBER_OBJECT_CONVERSION = YES_AGGRESSIVE;
				CLANG_CXX_LANGUAGE_STANDARD = "gnu++20";
				CLANG_ENABLE_MODULES = YES;
				CLANG_ENABLE_OBJC_ARC = YES;
				CLANG_ENABLE_OBJC_WEAK = YES;
				CLANG_WARN_BLOCK_CAPTURE_AUTORELEASING = YES;
				CLANG_WARN_BOOL_CONVERSION = YES;
				CLANG_WARN_COMMA = YES;
				CLANG_WARN_CONSTANT_CONVERSION = YES;
				CLANG_WARN_DEPRECATED_OBJC_IMPLEMENTATIONS = YES;
				CLANG_WARN_DIRECT_OBJC_ISA_USAGE = YES_ERROR;
				CLANG_WARN_DOCUMENTATION_COMMENTS = YES;
				CLANG_WARN_EMPTY_BODY = YES;
				CLANG_WARN_ENUM_CONVERSION = YES;
				CLANG_WARN_INFINITE_RECURSION = YES;
				CLANG_WARN_INT_CONVERSION = YES;
				CLANG_WARN_NON_LITERAL_NULL_CONVERSION = YES;
				CLANG_WARN_OBJC_IMPLICIT_RETAIN_SELF = YES;
				CLANG_WARN_OBJC_LITERAL_CONVERSION = YES;
				CLANG_WARN_OBJC_ROOT_CLASS = YES_ERROR;
				CLANG_WARN_QUOTED_INCLUDE_IN_FRAMEWORK_HEADER = YES;
				CLANG_WARN_RANGE_LOOP_ANALYSIS = YES;
				CLANG_WARN_STRICT_PROTOTYPES = YES;
				CLANG_WARN_SUSPICIOUS_MOVE = YES;
				CLANG_WARN_UNGUARDED_AVAILABILITY = YES_AGGRESSIVE;
				CLANG_WARN_UNREACHABLE_CODE = YES;
				CLANG_WARN__DUPLICATE_METHOD_MATCH = YES;
				COPY_PHASE_STRIP = NO;
				DEBUG_INFORMATION_FORMAT = "dwarf-with-dsym";
				ENABLE_NS_ASSERTIONS = NO;
				ENABLE_STRICT_OBJC_MSGSEND = YES;
				ENABLE_USER_SCRIPT_SANDBOXING = YES;
				GCC_C_LANGUAGE_STANDARD = gnu17;
				GCC_NO_COMMON_BLOCKS = YES;
				GCC_WARN_64_TO_32_BIT_CONVERSION = YES;
				GCC_WARN_ABOUT_RETURN_TYPE = YES_ERROR;
				GCC_WARN_UNDECLARED_SELECTOR = YES;
				GCC_WARN_UNINITIALIZED_AUTOS = YES_AGGRESSIVE;
				GCC_WARN_UNUSED_FUNCTION = YES;
				GCC_WARN_UNUSED_VARIABLE = YES;
				IPHONEOS_DEPLOYMENT_TARGET = 18.0;
				LOCALIZATION_PREFERS_STRING_CATALOGS = YES;
				MTL_ENABLE_DEBUG_INFO = NO;
				MTL_FAST_MATH = YES;
				SDKROOT = iphoneos;
				SWIFT_COMPILATION_MODE = wholemodule;
				VALIDATE_PRODUCT = YES;
			};
			name = Release;
		};
		E750905B2C19D407004C76A1 /* Debug */ = {
			isa = XCBuildConfiguration;
			buildSettings = {
				ASSETCATALOG_COMPILER_APPICON_NAME = AppIcon;
				ASSETCATALOG_COMPILER_GLOBAL_ACCENT_COLOR_NAME = AccentColor;
				CODE_SIGN_STYLE = Automatic;
				CURRENT_PROJECT_VERSION = 1;
				DEVELOPMENT_ASSET_PATHS = "\"iOS18_New_API/Preview Content\"";
				DEVELOPMENT_TEAM = NN56R38BZT;
				ENABLE_PREVIEWS = YES;
				GENERATE_INFOPLIST_FILE = YES;
				INFOPLIST_KEY_NSPhotoLibraryAddUsageDescription = "保存绘图至相册";
				INFOPLIST_KEY_UIApplicationSceneManifest_Generation = YES;
				INFOPLIST_KEY_UIApplicationSupportsIndirectInputEvents = YES;
				INFOPLIST_KEY_UILaunchScreen_Generation = YES;
				INFOPLIST_KEY_UISupportedInterfaceOrientations_iPad = "UIInterfaceOrientationPortrait UIInterfaceOrientationPortraitUpsideDown UIInterfaceOrientationLandscapeLeft UIInterfaceOrientationLandscapeRight";
				INFOPLIST_KEY_UISupportedInterfaceOrientations_iPhone = "UIInterfaceOrientationPortrait UIInterfaceOrientationLandscapeLeft UIInterfaceOrientationLandscapeRight";
				LD_RUNPATH_SEARCH_PATHS = (
					"$(inherited)",
					"@executable_path/Frameworks",
				);
				MARKETING_VERSION = 1.0;
				PRODUCT_BUNDLE_IDENTIFIER = "con.lurich.iOS18-New-API";
				PRODUCT_NAME = "$(TARGET_NAME)";
				SWIFT_EMIT_LOC_STRINGS = YES;
				SWIFT_VERSION = 5.0;
				TARGETED_DEVICE_FAMILY = "1,2";
			};
			name = Debug;
		};
		E750905C2C19D407004C76A1 /* Release */ = {
			isa = XCBuildConfiguration;
			buildSettings = {
				ASSETCATALOG_COMPILER_APPICON_NAME = AppIcon;
				ASSETCATALOG_COMPILER_GLOBAL_ACCENT_COLOR_NAME = AccentColor;
				CODE_SIGN_STYLE = Automatic;
				CURRENT_PROJECT_VERSION = 1;
				DEVELOPMENT_ASSET_PATHS = "\"iOS18_New_API/Preview Content\"";
				DEVELOPMENT_TEAM = NN56R38BZT;
				ENABLE_PREVIEWS = YES;
				GENERATE_INFOPLIST_FILE = YES;
				INFOPLIST_KEY_NSPhotoLibraryAddUsageDescription = "保存绘图至相册";
				INFOPLIST_KEY_UIApplicationSceneManifest_Generation = YES;
				INFOPLIST_KEY_UIApplicationSupportsIndirectInputEvents = YES;
				INFOPLIST_KEY_UILaunchScreen_Generation = YES;
				INFOPLIST_KEY_UISupportedInterfaceOrientations_iPad = "UIInterfaceOrientationPortrait UIInterfaceOrientationPortraitUpsideDown UIInterfaceOrientationLandscapeLeft UIInterfaceOrientationLandscapeRight";
				INFOPLIST_KEY_UISupportedInterfaceOrientations_iPhone = "UIInterfaceOrientationPortrait UIInterfaceOrientationLandscapeLeft UIInterfaceOrientationLandscapeRight";
				LD_RUNPATH_SEARCH_PATHS = (
					"$(inherited)",
					"@executable_path/Frameworks",
				);
				MARKETING_VERSION = 1.0;
				PRODUCT_BUNDLE_IDENTIFIER = "con.lurich.iOS18-New-API";
				PRODUCT_NAME = "$(TARGET_NAME)";
				SWIFT_EMIT_LOC_STRINGS = YES;
				SWIFT_VERSION = 5.0;
				TARGETED_DEVICE_FAMILY = "1,2";
			};
			name = Release;
		};
/* End XCBuildConfiguration section */

/* Begin XCConfigurationList section */
		E75090472C19D405004C76A1 /* Build configuration list for PBXProject "iOS18_New_API" */ = {
			isa = XCConfigurationList;
			buildConfigurations = (
				E75090582C19D407004C76A1 /* Debug */,
				E75090592C19D407004C76A1 /* Release */,
			);
			defaultConfigurationIsVisible = 0;
			defaultConfigurationName = Release;
		};
		E750905A2C19D407004C76A1 /* Build configuration list for PBXNativeTarget "iOS18_New_API" */ = {
			isa = XCConfigurationList;
			buildConfigurations = (
				E750905B2C19D407004C76A1 /* Debug */,
				E750905C2C19D407004C76A1 /* Release */,
			);
			defaultConfigurationIsVisible = 0;
			defaultConfigurationName = Release;
		};
/* End XCConfigurationList section */
	};
	rootObject = E75090442C19D405004C76A1 /* Project object */;
}
